
Microsoft Visual Studio Solution File, Format Version 12.00
# Visual Studio 15
VisualStudioVersion = 15.0.26124.0
MinimumVisualStudioVersion = 15.0.26124.0
Project("{FAE04EC0-301F-11D3-BF4B-00C04F79EFBC}") = "Domain", "Domain\Domain.csproj", "{F0A843C8-27C8-4C19-888F-4319859657F7}"
EndProject
Project("{FAE04EC0-301F-11D3-BF4B-00C04F79EFBC}") = "Application", "Application\Application.csproj", "{E9B20DF2-2CC5-4006-86EB-91361C285837}"
EndProject
Project("{FAE04EC0-301F-11D3-BF4B-00C04F79EFBC}") = "Persistence", "Persistence\Persistence.csproj", "{704C7968-CB86-46F4-9350-10C35910ADB4}"
EndProject
Project("{FAE04EC0-301F-11D3-BF4B-00C04F79EFBC}") = "API", "API\API.csproj", "{673893F9-7DE0-4FC8-8891-9296243889D3}"
EndProject
Global
	GlobalSection(SolutionConfigurationPlatforms) = preSolution
		Debug|Any CPU = Debug|Any CPU
		Debug|x64 = Debug|x64
		Debug|x86 = Debug|x86
		Release|Any CPU = Release|Any CPU
		Release|x64 = Release|x64
		Release|x86 = Release|x86
	EndGlobalSection
	GlobalSection(SolutionProperties) = preSolution
		HideSolutionNode = FALSE
	EndGlobalSection
	GlobalSection(ProjectConfigurationPlatforms) = postSolution
		{F0A843C8-27C8-4C19-888F-4319859657F7}.Debug|Any CPU.ActiveCfg = Debug|Any CPU
		{F0A843C8-27C8-4C19-888F-4319859657F7}.Debug|Any CPU.Build.0 = Debug|Any CPU
		{F0A843C8-27C8-4C19-888F-4319859657F7}.Debug|x64.ActiveCfg = Debug|Any CPU
		{F0A843C8-27C8-4C19-888F-4319859657F7}.Debug|x64.Build.0 = Debug|Any CPU
		{F0A843C8-27C8-4C19-888F-4319859657F7}.Debug|x86.ActiveCfg = Debug|Any CPU
		{F0A843C8-27C8-4C19-888F-4319859657F7}.Debug|x86.Build.0 = Debug|Any CPU
		{F0A843C8-27C8-4C19-888F-4319859657F7}.Release|Any CPU.ActiveCfg = Release|Any CPU
		{F0A843C8-27C8-4C19-888F-4319859657F7}.Release|Any CPU.Build.0 = Release|Any CPU
		{F0A843C8-27C8-4C19-888F-4319859657F7}.Release|x64.ActiveCfg = Release|Any CPU
		{F0A843C8-27C8-4C19-888F-4319859657F7}.Release|x64.Build.0 = Release|Any CPU
		{F0A843C8-27C8-4C19-888F-4319859657F7}.Release|x86.ActiveCfg = Release|Any CPU
		{F0A843C8-27C8-4C19-888F-4319859657F7}.Release|x86.Build.0 = Release|Any CPU
		{E9B20DF2-2CC5-4006-86EB-91361C285837}.Debug|Any CPU.ActiveCfg = Debug|Any CPU
		{E9B20DF2-2CC5-4006-86EB-91361C285837}.Debug|Any CPU.Build.0 = Debug|Any CPU
		{E9B20DF2-2CC5-4006-86EB-91361C285837}.Debug|x64.ActiveCfg = Debug|Any CPU
		{E9B20DF2-2CC5-4006-86EB-91361C285837}.Debug|x64.Build.0 = Debug|Any CPU
		{E9B20DF2-2CC5-4006-86EB-91361C285837}.Debug|x86.ActiveCfg = Debug|Any CPU
		{E9B20DF2-2CC5-4006-86EB-91361C285837}.Debug|x86.Build.0 = Debug|Any CPU
		{E9B20DF2-2CC5-4006-86EB-91361C285837}.Release|Any CPU.ActiveCfg = Release|Any CPU
		{E9B20DF2-2CC5-4006-86EB-91361C285837}.Release|Any CPU.Build.0 = Release|Any CPU
		{E9B20DF2-2CC5-4006-86EB-91361C285837}.Release|x64.ActiveCfg = Release|Any CPU
		{E9B20DF2-2CC5-4006-86EB-91361C285837}.Release|x64.Build.0 = Release|Any CPU
		{E9B20DF2-2CC5-4006-86EB-91361C285837}.Release|x86.ActiveCfg = Release|Any CPU
		{E9B20DF2-2CC5-4006-86EB-91361C285837}.Release|x86.Build.0 = Release|Any CPU
		{704C7968-CB86-46F4-9350-10C35910ADB4}.Debug|Any CPU.ActiveCfg = Debug|Any CPU
		{704C7968-CB86-46F4-9350-10C35910ADB4}.Debug|Any CPU.Build.0 = Debug|Any CPU
		{704C7968-CB86-46F4-9350-10C35910ADB4}.Debug|x64.ActiveCfg = Debug|Any CPU
		{704C7968-CB86-46F4-9350-10C35910ADB4}.Debug|x64.Build.0 = Debug|Any CPU
		{704C7968-CB86-46F4-9350-10C35910ADB4}.Debug|x86.ActiveCfg = Debug|Any CPU
		{704C7968-CB86-46F4-9350-10C35910ADB4}.Debug|x86.Build.0 = Debug|Any CPU
		{704C7968-CB86-46F4-9350-10C35910ADB4}.Release|Any CPU.ActiveCfg = Release|Any CPU
		{704C7968-CB86-46F4-9350-10C35910ADB4}.Release|Any CPU.Build.0 = Release|Any CPU
		{704C7968-CB86-46F4-9350-10C35910ADB4}.Release|x64.ActiveCfg = Release|Any CPU
		{704C7968-CB86-46F4-9350-10C35910ADB4}.Release|x64.Build.0 = Release|Any CPU
		{704C7968-CB86-46F4-9350-10C35910ADB4}.Release|x86.ActiveCfg = Release|Any CPU
		{704C7968-CB86-46F4-9350-10C35910ADB4}.Release|x86.Build.0 = Release|Any CPU
		{673893F9-7DE0-4FC8-8891-9296243889D3}.Debug|Any CPU.ActiveCfg = Debug|Any CPU
		{673893F9-7DE0-4FC8-8891-9296243889D3}.Debug|Any CPU.Build.0 = Debug|Any CPU
		{673893F9-7DE0-4FC8-8891-9296243889D3}.Debug|x64.ActiveCfg = Debug|Any CPU
		{673893F9-7DE0-4FC8-8891-9296243889D3}.Debug|x64.Build.0 = Debug|Any CPU
		{673893F9-7DE0-4FC8-8891-9296243889D3}.Debug|x86.ActiveCfg = Debug|Any CPU
		{673893F9-7DE0-4FC8-8891-9296243889D3}.Debug|x86.Build.0 = Debug|Any CPU
		{673893F9-7DE0-4FC8-8891-9296243889D3}.Release|Any CPU.ActiveCfg = Release|Any CPU
		{673893F9-7DE0-4FC8-8891-9296243889D3}.Release|Any CPU.Build.0 = Release|Any CPU
		{673893F9-7DE0-4FC8-8891-9296243889D3}.Release|x64.ActiveCfg = Release|Any CPU
		{673893F9-7DE0-4FC8-8891-9296243889D3}.Release|x64.Build.0 = Release|Any CPU
		{673893F9-7DE0-4FC8-8891-9296243889D3}.Release|x86.ActiveCfg = Release|Any CPU
		{673893F9-7DE0-4FC8-8891-9296243889D3}.Release|x86.Build.0 = Release|Any CPU
	EndGlobalSection
EndGlobal
